// !$*UTF8*$!
{
	archiveVersion = 1;
	classes = {
	};
	objectVersion = 55;
	objects = {

/* Begin PBXBuildFile section */
		6A45C4C929A8E6190084F974 /* Divisions.swift in Sources */ = {isa = PBXBuildFile; fileRef = 6A45C4C829A8E6190084F974 /* Divisions.swift */; };
		6A45C4CB29A8E7970084F974 /* Comment.swift in Sources */ = {isa = PBXBuildFile; fileRef = 6A45C4CA29A8E7970084F974 /* Comment.swift */; };
		6ACA5066298E6F36002749AE /* CommentCardsApp.swift in Sources */ = {isa = PBXBuildFile; fileRef = 6ACA5065298E6F36002749AE /* CommentCardsApp.swift */; };
		6ACA5068298E6F36002749AE /* ContentView.swift in Sources */ = {isa = PBXBuildFile; fileRef = 6ACA5067298E6F36002749AE /* ContentView.swift */; };
		6ACA506A298E6F38002749AE /* Assets.xcassets in Resources */ = {isa = PBXBuildFile; fileRef = 6ACA5069298E6F38002749AE /* Assets.xcassets */; };
		6ACA506D298E6F38002749AE /* Preview Assets.xcassets in Resources */ = {isa = PBXBuildFile; fileRef = 6ACA506C298E6F38002749AE /* Preview Assets.xcassets */; };
		6ACA5077298E6F38002749AE /* CommentCardsTests.swift in Sources */ = {isa = PBXBuildFile; fileRef = 6ACA5076298E6F38002749AE /* CommentCardsTests.swift */; };
		6ACA5081298E6F38002749AE /* CommentCardsUITests.swift in Sources */ = {isa = PBXBuildFile; fileRef = 6ACA5080298E6F38002749AE /* CommentCardsUITests.swift */; };
		6ACA5083298E6F38002749AE /* CommentCardsUITestsLaunchTests.swift in Sources */ = {isa = PBXBuildFile; fileRef = 6ACA5082298E6F38002749AE /* CommentCardsUITestsLaunchTests.swift */; };
/* End PBXBuildFile section */

/* Begin PBXContainerItemProxy section */
		6ACA5073298E6F38002749AE /* PBXContainerItemProxy */ = {
			isa = PBXContainerItemProxy;
			containerPortal = 6ACA505A298E6F36002749AE /* Project object */;
			proxyType = 1;
			remoteGlobalIDString = 6ACA5061298E6F36002749AE;
			remoteInfo = CommentCards;
		};
		6ACA507D298E6F38002749AE /* PBXContainerItemProxy */ = {
			isa = PBXContainerItemProxy;
			containerPortal = 6ACA505A298E6F36002749AE /* Project object */;
			proxyType = 1;
			remoteGlobalIDString = 6ACA5061298E6F36002749AE;
			remoteInfo = CommentCards;
		};
/* End PBXContainerItemProxy section */

/* Begin PBXFileReference section */
		6A45C4C829A8E6190084F974 /* Divisions.swift */ = {isa = PBXFileReference; lastKnownFileType = sourcecode.swift; path = Divisions.swift; sourceTree = "<group>"; };
		6A45C4CA29A8E7970084F974 /* Comment.swift */ = {isa = PBXFileReference; lastKnownFileType = sourcecode.swift; path = Comment.swift; sourceTree = "<group>"; };
		6ACA5062298E6F36002749AE /* CommentCards.app */ = {isa = PBXFileReference; explicitFileType = wrapper.application; includeInIndex = 0; path = CommentCards.app; sourceTree = BUILT_PRODUCTS_DIR; };
		6ACA5065298E6F36002749AE /* CommentCardsApp.swift */ = {isa = PBXFileReference; lastKnownFileType = sourcecode.swift; path = CommentCardsApp.swift; sourceTree = "<group>"; };
		6ACA5067298E6F36002749AE /* ContentView.swift */ = {isa = PBXFileReference; lastKnownFileType = sourcecode.swift; path = ContentView.swift; sourceTree = "<group>"; };
		6ACA5069298E6F38002749AE /* Assets.xcassets */ = {isa = PBXFileReference; lastKnownFileType = folder.assetcatalog; path = Assets.xcassets; sourceTree = "<group>"; };
		6ACA506C298E6F38002749AE /* Preview Assets.xcassets */ = {isa = PBXFileReference; lastKnownFileType = folder.assetcatalog; path = "Preview Assets.xcassets"; sourceTree = "<group>"; };
		6ACA5072298E6F38002749AE /* CommentCardsTests.xctest */ = {isa = PBXFileReference; explicitFileType = wrapper.cfbundle; includeInIndex = 0; path = CommentCardsTests.xctest; sourceTree = BUILT_PRODUCTS_DIR; };
		6ACA5076298E6F38002749AE /* CommentCardsTests.swift */ = {isa = PBXFileReference; lastKnownFileType = sourcecode.swift; path = CommentCardsTests.swift; sourceTree = "<group>"; };
		6ACA507C298E6F38002749AE /* CommentCardsUITests.xctest */ = {isa = PBXFileReference; explicitFileType = wrapper.cfbundle; includeInIndex = 0; path = CommentCardsUITests.xctest; sourceTree = BUILT_PRODUCTS_DIR; };
		6ACA5080298E6F38002749AE /* CommentCardsUITests.swift */ = {isa = PBXFileReference; lastKnownFileType = sourcecode.swift; path = CommentCardsUITests.swift; sourceTree = "<group>"; };
		6ACA5082298E6F38002749AE /* CommentCardsUITestsLaunchTests.swift */ = {isa = PBXFileReference; lastKnownFileType = sourcecode.swift; path = CommentCardsUITestsLaunchTests.swift; sourceTree = "<group>"; };
/* End PBXFileReference section */

/* Begin PBXFrameworksBuildPhase section */
		6ACA505F298E6F36002749AE /* Frameworks */ = {
			isa = PBXFrameworksBuildPhase;
			buildActionMask = 2147483647;
			files = (
			);
			runOnlyForDeploymentPostprocessing = 0;
		};
		6ACA506F298E6F38002749AE /* Frameworks */ = {
			isa = PBXFrameworksBuildPhase;
			buildActionMask = 2147483647;
			files = (
			);
			runOnlyForDeploymentPostprocessing = 0;
		};
		6ACA5079298E6F38002749AE /* Frameworks */ = {
			isa = PBXFrameworksBuildPhase;
			buildActionMask = 2147483647;
			files = (
			);
			runOnlyForDeploymentPostprocessing = 0;
		};
/* End PBXFrameworksBuildPhase section */

/* Begin PBXGroup section */
		6A45C4C129A8DDD10084F974 /* Views */ = {
			isa = PBXGroup;
			children = (
				6ACA5065298E6F36002749AE /* CommentCardsApp.swift */,
				6ACA5067298E6F36002749AE /* ContentView.swift */,
				6A45C4CA29A8E7970084F974 /* Comment.swift */,
				6ACA5069298E6F38002749AE /* Assets.xcassets */,
			);
			path = Views;
			sourceTree = "<group>";
		};
		6A45C4C329A8DDFE0084F974 /* Model */ = {
			isa = PBXGroup;
			children = (
				6A45C4C829A8E6190084F974 /* Divisions.swift */,
			);
			path = Model;
			sourceTree = "<group>";
		};
		6ACA5059298E6F36002749AE = {
			isa = PBXGroup;
			children = (
				6ACA5064298E6F36002749AE /* CommentCards */,
				6ACA5075298E6F38002749AE /* CommentCardsTests */,
				6ACA507F298E6F38002749AE /* CommentCardsUITests */,
				6ACA5063298E6F36002749AE /* Products */,
			);
			sourceTree = "<group>";
		};
		6ACA5063298E6F36002749AE /* Products */ = {
			isa = PBXGroup;
			children = (
				6ACA5062298E6F36002749AE /* CommentCards.app */,
				6ACA5072298E6F38002749AE /* CommentCardsTests.xctest */,
				6ACA507C298E6F38002749AE /* CommentCardsUITests.xctest */,
			);
			name = Products;
			sourceTree = "<group>";
		};
		6ACA5064298E6F36002749AE /* CommentCards */ = {
			isa = PBXGroup;
			children = (
				6A45C4C129A8DDD10084F974 /* Views */,
				6A45C4C329A8DDFE0084F974 /* Model */,
				6ACA506B298E6F38002749AE /* Preview Content */,
			);
			path = CommentCards;
			sourceTree = "<group>";
		};
		6ACA506B298E6F38002749AE /* Preview Content */ = {
			isa = PBXGroup;
			children = (
				6ACA506C298E6F38002749AE /* Preview Assets.xcassets */,
			);
			path = "Preview Content";
			sourceTree = "<group>";
		};
		6ACA5075298E6F38002749AE /* CommentCardsTests */ = {
			isa = PBXGroup;
			children = (
				6ACA5076298E6F38002749AE /* CommentCardsTests.swift */,
			);
			path = CommentCardsTests;
			sourceTree = "<group>";
		};
		6ACA507F298E6F38002749AE /* CommentCardsUITests */ = {
			isa = PBXGroup;
			children = (
				6ACA5080298E6F38002749AE /* CommentCardsUITests.swift */,
				6ACA5082298E6F38002749AE /* CommentCardsUITestsLaunchTests.swift */,
			);
			path = CommentCardsUITests;
			sourceTree = "<group>";
		};
/* End PBXGroup section */

/* Begin PBXNativeTarget section */
		6ACA5061298E6F36002749AE /* CommentCards */ = {
			isa = PBXNativeTarget;
			buildConfigurationList = 6ACA5086298E6F39002749AE /* Build configuration list for PBXNativeTarget "CommentCards" */;
			buildPhases = (
				6ACA505E298E6F36002749AE /* Sources */,
				6ACA505F298E6F36002749AE /* Frameworks */,
				6ACA5060298E6F36002749AE /* Resources */,
			);
			buildRules = (
			);
			dependencies = (
			);
			name = CommentCards;
			productName = CommentCards;
			productReference = 6ACA5062298E6F36002749AE /* CommentCards.app */;
			productType = "com.apple.product-type.application";
		};
		6ACA5071298E6F38002749AE /* CommentCardsTests */ = {
			isa = PBXNativeTarget;
			buildConfigurationList = 6ACA5089298E6F39002749AE /* Build configuration list for PBXNativeTarget "CommentCardsTests" */;
			buildPhases = (
				6ACA506E298E6F38002749AE /* Sources */,
				6ACA506F298E6F38002749AE /* Frameworks */,
				6ACA5070298E6F38002749AE /* Resources */,
			);
			buildRules = (
			);
			dependencies = (
				6ACA5074298E6F38002749AE /* PBXTargetDependency */,
			);
			name = CommentCardsTests;
			productName = CommentCardsTests;
			productReference = 6ACA5072298E6F38002749AE /* CommentCardsTests.xctest */;
			productType = "com.apple.product-type.bundle.unit-test";
		};
		6ACA507B298E6F38002749AE /* CommentCardsUITests */ = {
			isa = PBXNativeTarget;
			buildConfigurationList = 6ACA508C298E6F39002749AE /* Build configuration list for PBXNativeTarget "CommentCardsUITests" */;
			buildPhases = (
				6ACA5078298E6F38002749AE /* Sources */,
				6ACA5079298E6F38002749AE /* Frameworks */,
				6ACA507A298E6F38002749AE /* Resources */,
			);
			buildRules = (
			);
			dependencies = (
				6ACA507E298E6F38002749AE /* PBXTargetDependency */,
			);
			name = CommentCardsUITests;
			productName = CommentCardsUITests;
			productReference = 6ACA507C298E6F38002749AE /* CommentCardsUITests.xctest */;
			productType = "com.apple.product-type.bundle.ui-testing";
		};
/* End PBXNativeTarget section */

/* Begin PBXProject section */
		6ACA505A298E6F36002749AE /* Project object */ = {
			isa = PBXProject;
			attributes = {
				BuildIndependentTargetsInParallel = 1;
				LastSwiftUpdateCheck = 1320;
				LastUpgradeCheck = 1320;
				TargetAttributes = {
					6ACA5061298E6F36002749AE = {
						CreatedOnToolsVersion = 13.2.1;
					};
					6ACA5071298E6F38002749AE = {
						CreatedOnToolsVersion = 13.2.1;
						TestTargetID = 6ACA5061298E6F36002749AE;
					};
					6ACA507B298E6F38002749AE = {
						CreatedOnToolsVersion = 13.2.1;
						TestTargetID = 6ACA5061298E6F36002749AE;
					};
				};
			};
			buildConfigurationList = 6ACA505D298E6F36002749AE /* Build configuration list for PBXProject "CommentCards" */;
			compatibilityVersion = "Xcode 13.0";
			developmentRegion = en;
			hasScannedForEncodings = 0;
			knownRegions = (
				en,
				Base,
			);
			mainGroup = 6ACA5059298E6F36002749AE;
			productRefGroup = 6ACA5063298E6F36002749AE /* Products */;
			projectDirPath = "";
			projectRoot = "";
			targets = (
				6ACA5061298E6F36002749AE /* CommentCards */,
				6ACA5071298E6F38002749AE /* CommentCardsTests */,
				6ACA507B298E6F38002749AE /* CommentCardsUITests */,
			);
		};
/* End PBXProject section */

/* Begin PBXResourcesBuildPhase section */
		6ACA5060298E6F36002749AE /* Resources */ = {
			isa = PBXResourcesBuildPhase;
			buildActionMask = 2147483647;
			files = (
				6ACA506D298E6F38002749AE /* Preview Assets.xcassets in Resources */,
				6ACA506A298E6F38002749AE /* Assets.xcassets in Resources */,
			);
			runOnlyForDeploymentPostprocessing = 0;
		};
		6ACA5070298E6F38002749AE /* Resources */ = {
			isa = PBXResourcesBuildPhase;
			buildActionMask = 2147483647;
			files = (
			);
			runOnlyForDeploymentPostprocessing = 0;
		};
		6ACA507A298E6F38002749AE /* Resources */ = {
			isa = PBXResourcesBuildPhase;
			buildActionMask = 2147483647;
			files = (
			);
			runOnlyForDeploymentPostprocessing = 0;
		};
/* End PBXResourcesBuildPhase section */

/* Begin PBXSourcesBuildPhase section */
		6ACA505E298E6F36002749AE /* Sources */ = {
			isa = PBXSourcesBuildPhase;
			buildActionMask = 2147483647;
			files = (
				6ACA5068298E6F36002749AE /* ContentView.swift in Sources */,
				6A45C4C929A8E6190084F974 /* Divisions.swift in Sources */,
				6ACA5066298E6F36002749AE /* CommentCardsApp.swift in Sources */,
				6A45C4CB29A8E7970084F974 /* Comment.swift in Sources */,
			);
			runOnlyForDeploymentPostprocessing = 0;
		};
		6ACA506E298E6F38002749AE /* Sources */ = {
			isa = PBXSourcesBuildPhase;
			buildActionMask = 2147483647;
			files = (
				6ACA5077298E6F38002749AE /* CommentCardsTests.swift in Sources */,
			);
			runOnlyForDeploymentPostprocessing = 0;
		};
		6ACA5078298E6F38002749AE /* Sources */ = {
			isa = PBXSourcesBuildPhase;
			buildActionMask = 2147483647;
			files = (
				6ACA5083298E6F38002749AE /* CommentCardsUITestsLaunchTests.swift in Sources */,
				6ACA5081298E6F38002749AE /* CommentCardsUITests.swift in Sources */,
			);
			runOnlyForDeploymentPostprocessing = 0;
		};
/* End PBXSourcesBuildPhase section */

/* Begin PBXTargetDependency section */
		6ACA5074298E6F38002749AE /* PBXTargetDependency */ = {
			isa = PBXTargetDependency;
			target = 6ACA5061298E6F36002749AE /* CommentCards */;
			targetProxy = 6ACA5073298E6F38002749AE /* PBXContainerItemProxy */;
		};
		6ACA507E298E6F38002749AE /* PBXTargetDependency */ = {
			isa = PBXTargetDependency;
			target = 6ACA5061298E6F36002749AE /* CommentCards */;
			targetProxy = 6ACA507D298E6F38002749AE /* PBXContainerItemProxy */;
		};
/* End PBXTargetDependency section */

/* Begin XCBuildConfiguration section */
		6ACA5084298E6F39002749AE /* Debug */ = {
			isa = XCBuildConfiguration;
			buildSettings = {
				ALWAYS_SEARCH_USER_PATHS = NO;
				CLANG_ANALYZER_NONNULL = YES;
				CLANG_ANALYZER_NUMBER_OBJECT_CONVERSION = YES_AGGRESSIVE;
				CLANG_CXX_LANGUAGE_STANDARD = "gnu++17";
				CLANG_CXX_LIBRARY = "libc++";
				CLANG_ENABLE_MODULES = YES;
				CLANG_ENABLE_OBJC_ARC = YES;
				CLANG_ENABLE_OBJC_WEAK = YES;
				CLANG_WARN_BLOCK_CAPTURE_AUTORELEASING = YES;
				CLANG_WARN_BOOL_CONVERSION = YES;
				CLANG_WARN_COMMA = YES;
				CLANG_WARN_CONSTANT_CONVERSION = YES;
				CLANG_WARN_DEPRECATED_OBJC_IMPLEMENTATIONS = YES;
				CLANG_WARN_DIRECT_OBJC_ISA_USAGE = YES_ERROR;
				CLANG_WARN_DOCUMENTATION_COMMENTS = YES;
				CLANG_WARN_EMPTY_BODY = YES;
				CLANG_WARN_ENUM_CONVERSION = YES;
				CLANG_WARN_INFINITE_RECURSION = YES;
				CLANG_WARN_INT_CONVERSION = YES;
				CLANG_WARN_NON_LITERAL_NULL_CONVERSION = YES;
				CLANG_WARN_OBJC_IMPLICIT_RETAIN_SELF = YES;
				CLANG_WARN_OBJC_LITERAL_CONVERSION = YES;
				CLANG_WARN_OBJC_ROOT_CLASS = YES_ERROR;
				CLANG_WARN_QUOTED_INCLUDE_IN_FRAMEWORK_HEADER = YES;
				CLANG_WARN_RANGE_LOOP_ANALYSIS = YES;
				CLANG_WARN_STRICT_PROTOTYPES = YES;
				CLANG_WARN_SUSPICIOUS_MOVE = YES;
				CLANG_WARN_UNGUARDED_AVAILABILITY = YES_AGGRESSIVE;
				CLANG_WARN_UNREACHABLE_CODE = YES;
				CLANG_WARN__DUPLICATE_METHOD_MATCH = YES;
				COPY_PHASE_STRIP = NO;
				DEBUG_INFORMATION_FORMAT = dwarf;
				ENABLE_STRICT_OBJC_MSGSEND = YES;
				ENABLE_TESTABILITY = YES;
				GCC_C_LANGUAGE_STANDARD = gnu11;
				GCC_DYNAMIC_NO_PIC = NO;
				GCC_NO_COMMON_BLOCKS = YES;
				GCC_OPTIMIZATION_LEVEL = 0;
				GCC_PREPROCESSOR_DEFINITIONS = (
					"DEBUG=1",
					"$(inherited)",
				);
				GCC_WARN_64_TO_32_BIT_CONVERSION = YES;
				GCC_WARN_ABOUT_RETURN_TYPE = YES_ERROR;
				GCC_WARN_UNDECLARED_SELECTOR = YES;
				GCC_WARN_UNINITIALIZED_AUTOS = YES_AGGRESSIVE;
				GCC_WARN_UNUSED_FUNCTION = YES;
				GCC_WARN_UNUSED_VARIABLE = YES;
				IPHONEOS_DEPLOYMENT_TARGET = 15.2;
				MTL_ENABLE_DEBUG_INFO = INCLUDE_SOURCE;
				MTL_FAST_MATH = YES;
				ONLY_ACTIVE_ARCH = YES;
				SDKROOT = iphoneos;
				SWIFT_ACTIVE_COMPILATION_CONDITIONS = DEBUG;
				SWIFT_OPTIMIZATION_LEVEL = "-Onone";
			};
			name = Debug;
		};
		6ACA5085298E6F39002749AE /* Release */ = {
			isa = XCBuildConfiguration;
			buildSettings = {
				ALWAYS_SEARCH_USER_PATHS = NO;
				CLANG_ANALYZER_NONNULL = YES;
				CLANG_ANALYZER_NUMBER_OBJECT_CONVERSION = YES_AGGRESSIVE;
				CLANG_CXX_LANGUAGE_STANDARD = "gnu++17";
				CLANG_CXX_LIBRARY = "libc++";
				CLANG_ENABLE_MODULES = YES;
				CLANG_ENABLE_OBJC_ARC = YES;
				CLANG_ENABLE_OBJC_WEAK = YES;
				CLANG_WARN_BLOCK_CAPTURE_AUTORELEASING = YES;
				CLANG_WARN_BOOL_CONVERSION = YES;
				CLANG_WARN_COMMA = YES;
				CLANG_WARN_CONSTANT_CONVERSION = YES;
				CLANG_WARN_DEPRECATED_OBJC_IMPLEMENTATIONS = YES;
				CLANG_WARN_DIRECT_OBJC_ISA_USAGE = YES_ERROR;
				CLANG_WARN_DOCUMENTATION_COMMENTS = YES;
				CLANG_WARN_EMPTY_BODY = YES;
				CLANG_WARN_ENUM_CONVERSION = YES;
				CLANG_WARN_INFINITE_RECURSION = YES;
				CLANG_WARN_INT_CONVERSION = YES;
				CLANG_WARN_NON_LITERAL_NULL_CONVERSION = YES;
				CLANG_WARN_OBJC_IMPLICIT_RETAIN_SELF = YES;
				CLANG_WARN_OBJC_LITERAL_CONVERSION = YES;
				CLANG_WARN_OBJC_ROOT_CLASS = YES_ERROR;
				CLANG_WARN_QUOTED_INCLUDE_IN_FRAMEWORK_HEADER = YES;
				CLANG_WARN_RANGE_LOOP_ANALYSIS = YES;
				CLANG_WARN_STRICT_PROTOTYPES = YES;
				CLANG_WARN_SUSPICIOUS_MOVE = YES;
				CLANG_WARN_UNGUARDED_AVAILABILITY = YES_AGGRESSIVE;
				CLANG_WARN_UNREACHABLE_CODE = YES;
				CLANG_WARN__DUPLICATE_METHOD_MATCH = YES;
				COPY_PHASE_STRIP = NO;
				DEBUG_INFORMATION_FORMAT = "dwarf-with-dsym";
				ENABLE_NS_ASSERTIONS = NO;
				ENABLE_STRICT_OBJC_MSGSEND = YES;
				GCC_C_LANGUAGE_STANDARD = gnu11;
				GCC_NO_COMMON_BLOCKS = YES;
				GCC_WARN_64_TO_32_BIT_CONVERSION = YES;
				GCC_WARN_ABOUT_RETURN_TYPE = YES_ERROR;
				GCC_WARN_UNDECLARED_SELECTOR = YES;
				GCC_WARN_UNINITIALIZED_AUTOS = YES_AGGRESSIVE;
				GCC_WARN_UNUSED_FUNCTION = YES;
				GCC_WARN_UNUSED_VARIABLE = YES;
				IPHONEOS_DEPLOYMENT_TARGET = 15.2;
				MTL_ENABLE_DEBUG_INFO = NO;
				MTL_FAST_MATH = YES;
				SDKROOT = iphoneos;
				SWIFT_COMPILATION_MODE = wholemodule;
				SWIFT_OPTIMIZATION_LEVEL = "-O";
				VALIDATE_PRODUCT = YES;
			};
			name = Release;
		};
		6ACA5087298E6F39002749AE /* Debug */ = {
			isa = XCBuildConfiguration;
			buildSettings = {
				ASSETCATALOG_COMPILER_APPICON_NAME = AppIcon;
				ASSETCATALOG_COMPILER_GLOBAL_ACCENT_COLOR_NAME = AccentColor;
				CODE_SIGN_STYLE = Automatic;
				CURRENT_PROJECT_VERSION = 1;
				DEVELOPMENT_ASSET_PATHS = "\"CommentCards/Preview Content\"";
				ENABLE_PREVIEWS = YES;
				GENERATE_INFOPLIST_FILE = YES;
				INFOPLIST_KEY_UIApplicationSceneManifest_Generation = YES;
				INFOPLIST_KEY_UIApplicationSupportsIndirectInputEvents = YES;
				INFOPLIST_KEY_UILaunchScreen_Generation = YES;
				INFOPLIST_KEY_UISupportedInterfaceOrientations_iPad = "UIInterfaceOrientationPortrait UIInterfaceOrientationPortraitUpsideDown UIInterfaceOrientationLandscapeLeft UIInterfaceOrientationLandscapeRight";
				INFOPLIST_KEY_UISupportedInterfaceOrientations_iPhone = "UIInterfaceOrientationPortrait UIInterfaceOrientationLandscapeLeft UIInterfaceOrientationLandscapeRight";
				LD_RUNPATH_SEARCH_PATHS = (
					"$(inherited)",
					"@executable_path/Frameworks",
				);
				MARKETING_VERSION = 1.0;
				PRODUCT_BUNDLE_IDENTIFIER = com.AAkbar21.CommentCards;
				PRODUCT_NAME = "$(TARGET_NAME)";
				SWIFT_EMIT_LOC_STRINGS = YES;
				SWIFT_VERSION = 5.0;
				TARGETED_DEVICE_FAMILY = "1,2";
			};
			name = Debug;
		};
		6ACA5088298E6F39002749AE /* Release */ = {
			isa = XCBuildConfiguration;
			buildSettings = {
				ASSETCATALOG_COMPILER_APPICON_NAME = AppIcon;
				ASSETCATALOG_COMPILER_GLOBAL_ACCENT_COLOR_NAME = AccentColor;
				CODE_SIGN_STYLE = Automatic;
				CURRENT_PROJECT_VERSION = 1;
				DEVELOPMENT_ASSET_PATHS = "\"CommentCards/Preview Content\"";
				ENABLE_PREVIEWS = YES;
				GENERATE_INFOPLIST_FILE = YES;
				INFOPLIST_KEY_UIApplicationSceneManifest_Generation = YES;
				INFOPLIST_KEY_UIApplicationSupportsIndirectInputEvents = YES;
				INFOPLIST_KEY_UILaunchScreen_Generation = YES;
				INFOPLIST_KEY_UISupportedInterfaceOrientations_iPad = "UIInterfaceOrientationPortrait UIInterfaceOrientationPortraitUpsideDown UIInterfaceOrientationLandscapeLeft UIInterfaceOrientationLandscapeRight";
				INFOPLIST_KEY_UISupportedInterfaceOrientations_iPhone = "UIInterfaceOrientationPortrait UIInterfaceOrientationLandscapeLeft UIInterfaceOrientationLandscapeRight";
				LD_RUNPATH_SEARCH_PATHS = (
					"$(inherited)",
					"@executable_path/Frameworks",
				);
				MARKETING_VERSION = 1.0;
				PRODUCT_BUNDLE_IDENTIFIER = com.AAkbar21.CommentCards;
				PRODUCT_NAME = "$(TARGET_NAME)";
				SWIFT_EMIT_LOC_STRINGS = YES;
				SWIFT_VERSION = 5.0;
				TARGETED_DEVICE_FAMILY = "1,2";
			};
			name = Release;
		};
		6ACA508A298E6F39002749AE /* Debug */ = {
			isa = XCBuildConfiguration;
			buildSettings = {
				ALWAYS_EMBED_SWIFT_STANDARD_LIBRARIES = YES;
				BUNDLE_LOADER = "$(TEST_HOST)";
				CODE_SIGN_STYLE = Automatic;
				CURRENT_PROJECT_VERSION = 1;
				GENERATE_INFOPLIST_FILE = YES;
				IPHONEOS_DEPLOYMENT_TARGET = 15.2;
				MARKETING_VERSION = 1.0;
				PRODUCT_BUNDLE_IDENTIFIER = com.AAkbar21.CommentCardsTests;
				PRODUCT_NAME = "$(TARGET_NAME)";
				SWIFT_EMIT_LOC_STRINGS = NO;
				SWIFT_VERSION = 5.0;
				TARGETED_DEVICE_FAMILY = "1,2";
				TEST_HOST = "$(BUILT_PRODUCTS_DIR)/CommentCards.app/CommentCards";
			};
			name = Debug;
		};
		6ACA508B298E6F39002749AE /* Release */ = {
			isa = XCBuildConfiguration;
			buildSettings = {
				ALWAYS_EMBED_SWIFT_STANDARD_LIBRARIES = YES;
				BUNDLE_LOADER = "$(TEST_HOST)";
				CODE_SIGN_STYLE = Automatic;
				CURRENT_PROJECT_VERSION = 1;
				GENERATE_INFOPLIST_FILE = YES;
				IPHONEOS_DEPLOYMENT_TARGET = 15.2;
				MARKETING_VERSION = 1.0;
				PRODUCT_BUNDLE_IDENTIFIER = com.AAkbar21.CommentCardsTests;
				PRODUCT_NAME = "$(TARGET_NAME)";
				SWIFT_EMIT_LOC_STRINGS = NO;
				SWIFT_VERSION = 5.0;
				TARGETED_DEVICE_FAMILY = "1,2";
				TEST_HOST = "$(BUILT_PRODUCTS_DIR)/CommentCards.app/CommentCards";
			};
			name = Release;
		};
		6ACA508D298E6F39002749AE /* Debug */ = {
			isa = XCBuildConfiguration;
			buildSettings = {
				ALWAYS_EMBED_SWIFT_STANDARD_LIBRARIES = YES;
				CODE_SIGN_STYLE = Automatic;
				CURRENT_PROJECT_VERSION = 1;
				GENERATE_INFOPLIST_FILE = YES;
				MARKETING_VERSION = 1.0;
				PRODUCT_BUNDLE_IDENTIFIER = com.AAkbar21.CommentCardsUITests;
				PRODUCT_NAME = "$(TARGET_NAME)";
				SWIFT_EMIT_LOC_STRINGS = NO;
				SWIFT_VERSION = 5.0;
				TARGETED_DEVICE_FAMILY = "1,2";
				TEST_TARGET_NAME = CommentCards;
			};
			name = Debug;
		};
		6ACA508E298E6F39002749AE /* Release */ = {
			isa = XCBuildConfiguration;
			buildSettings = {
				ALWAYS_EMBED_SWIFT_STANDARD_LIBRARIES = YES;
				CODE_SIGN_STYLE = Automatic;
				CURRENT_PROJECT_VERSION = 1;
				GENERATE_INFOPLIST_FILE = YES;
				MARKETING_VERSION = 1.0;
				PRODUCT_BUNDLE_IDENTIFIER = com.AAkbar21.CommentCardsUITests;
				PRODUCT_NAME = "$(TARGET_NAME)";
				SWIFT_EMIT_LOC_STRINGS = NO;
				SWIFT_VERSION = 5.0;
				TARGETED_DEVICE_FAMILY = "1,2";
				TEST_TARGET_NAME = CommentCards;
			};
			name = Release;
		};
/* End XCBuildConfiguration section */

/* Begin XCConfigurationList section */
		6ACA505D298E6F36002749AE /* Build configuration list for PBXProject "CommentCards" */ = {
			isa = XCConfigurationList;
			buildConfigurations = (
				6ACA5084298E6F39002749AE /* Debug */,
				6ACA5085298E6F39002749AE /* Release */,
			);
			defaultConfigurationIsVisible = 0;
			defaultConfigurationName = Release;
		};
		6ACA5086298E6F39002749AE /* Build configuration list for PBXNativeTarget "CommentCards" */ = {
			isa = XCConfigurationList;
			buildConfigurations = (
				6ACA5087298E6F39002749AE /* Debug */,
				6ACA5088298E6F39002749AE /* Release */,
			);
			defaultConfigurationIsVisible = 0;
			defaultConfigurationName = Release;
		};
		6ACA5089298E6F39002749AE /* Build configuration list for PBXNativeTarget "CommentCardsTests" */ = {
			isa = XCConfigurationList;
			buildConfigurations = (
				6ACA508A298E6F39002749AE /* Debug */,
				6ACA508B298E6F39002749AE /* Release */,
			);
			defaultConfigurationIsVisible = 0;
			defaultConfigurationName = Release;
		};
		6ACA508C298E6F39002749AE /* Build configuration list for PBXNativeTarget "CommentCardsUITests" */ = {
			isa = XCConfigurationList;
			buildConfigurations = (
				6ACA508D298E6F39002749AE /* Debug */,
				6ACA508E298E6F39002749AE /* Release */,
			);
			defaultConfigurationIsVisible = 0;
			defaultConfigurationName = Release;
		};
/* End XCConfigurationList section */
	};
	rootObject = 6ACA505A298E6F36002749AE /* Project object */;
}
